
Microsoft Visual Studio Solution File, Format Version 12.00
Project("{FAE04EC0-301F-11D3-BF4B-00C04F79EFBC}") = "PostcardsDotnet", "PostcardsDotnet\PostcardsDotnet.csproj", "{743F3AE3-204B-4F89-944A-0AFDCD378110}"
EndProject
Project("{FAE04EC0-301F-11D3-BF4B-00C04F79EFBC}") = "PostcardsDotnetTests", "PostcardsDotnetTests\PostcardsDotnetTests.csproj", "{48041578-1E5D-4213-8A19-6F49ABB1C786}"
EndProject
Global
	GlobalSection(SolutionConfigurationPlatforms) = preSolution
		Debug|Any CPU = Debug|Any CPU
		Release|Any CPU = Release|Any CPU
	EndGlobalSection
	GlobalSection(ProjectConfigurationPlatforms) = postSolution
		{743F3AE3-204B-4F89-944A-0AFDCD378110}.Debug|Any CPU.ActiveCfg = Debug|Any CPU
		{743F3AE3-204B-4F89-944A-0AFDCD378110}.Debug|Any CPU.Build.0 = Debug|Any CPU
		{743F3AE3-204B-4F89-944A-0AFDCD378110}.Release|Any CPU.ActiveCfg = Release|Any CPU
		{743F3AE3-204B-4F89-944A-0AFDCD378110}.Release|Any CPU.Build.0 = Release|Any CPU
		{48041578-1E5D-4213-8A19-6F49ABB1C786}.Debug|Any CPU.ActiveCfg = Debug|Any CPU
		{48041578-1E5D-4213-8A19-6F49ABB1C786}.Debug|Any CPU.Build.0 = Debug|Any CPU
		{48041578-1E5D-4213-8A19-6F49ABB1C786}.Release|Any CPU.ActiveCfg = Release|Any CPU
		{48041578-1E5D-4213-8A19-6F49ABB1C786}.Release|Any CPU.Build.0 = Release|Any CPU
	EndGlobalSection
EndGlobal
